
Microsoft Visual Studio Solution File, Format Version 12.00
# Visual Studio Version 17
VisualStudioVersion = 17.14.36414.22 d17.14
MinimumVisualStudioVersion = 10.0.40219.1
Project("{FAE04EC0-301F-11D3-BF4B-00C04F79EFBC}") = "TicketHive", "TicketHive\TicketHive.csproj", "{3574B2E3-01C7-4BFB-8FFE-CB6FCD61A780}"
EndProject
Global
	GlobalSection(SolutionConfigurationPlatforms) = preSolution
		Debug|Any CPU = Debug|Any CPU
		Release|Any CPU = Release|Any CPU
	EndGlobalSection
	GlobalSection(ProjectConfigurationPlatforms) = postSolution
		{3574B2E3-01C7-4BFB-8FFE-CB6FCD61A780}.Debug|Any CPU.ActiveCfg = Debug|Any CPU
		{3574B2E3-01C7-4BFB-8FFE-CB6FCD61A780}.Debug|Any CPU.Build.0 = Debug|Any CPU
		{3574B2E3-01C7-4BFB-8FFE-CB6FCD61A780}.Release|Any CPU.ActiveCfg = Release|Any CPU
		{3574B2E3-01C7-4BFB-8FFE-CB6FCD61A780}.Release|Any CPU.Build.0 = Release|Any CPU
	EndGlobalSection
	GlobalSection(SolutionProperties) = preSolution
		HideSolutionNode = FALSE
	EndGlobalSection
	GlobalSection(ExtensibilityGlobals) = postSolution
		SolutionGuid = {C94B5103-0027-443E-8769-19AA15482EDD}
	EndGlobalSection
EndGlobal
